// !$*UTF8*$!
{
	archiveVersion = 1;
	classes = {
	};
	objectVersion = 52;
	objects = {

/* Begin PBXBuildFile section */
		714C526724A4D3A000F1FD6E /* AppDelegate.swift in Sources */ = {isa = PBXBuildFile; fileRef = 714C526624A4D3A000F1FD6E /* AppDelegate.swift */; };
		714C526924A4D3A000F1FD6E /* art.scnassets in Resources */ = {isa = PBXBuildFile; fileRef = 714C526824A4D3A000F1FD6E /* art.scnassets */; };
		714C526B24A4D3A000F1FD6E /* ViewController.swift in Sources */ = {isa = PBXBuildFile; fileRef = 714C526A24A4D3A000F1FD6E /* ViewController.swift */; };
		714C526E24A4D3A000F1FD6E /* Main.storyboard in Resources */ = {isa = PBXBuildFile; fileRef = 714C526C24A4D3A000F1FD6E /* Main.storyboard */; };
		714C527024A4D3A100F1FD6E /* Assets.xcassets in Resources */ = {isa = PBXBuildFile; fileRef = 714C526F24A4D3A100F1FD6E /* Assets.xcassets */; };
		714C527324A4D3A100F1FD6E /* LaunchScreen.storyboard in Resources */ = {isa = PBXBuildFile; fileRef = 714C527124A4D3A100F1FD6E /* LaunchScreen.storyboard */; };
		714C527D24A4DBA800F1FD6E /* NodeManager.swift in Sources */ = {isa = PBXBuildFile; fileRef = 714C527C24A4DBA800F1FD6E /* NodeManager.swift */; };
		714C527F24A5402500F1FD6E /* Materials.swift in Sources */ = {isa = PBXBuildFile; fileRef = 714C527E24A5402500F1FD6E /* Materials.swift */; };
		714C528124A541EF00F1FD6E /* UIColor+Hex.swift in Sources */ = {isa = PBXBuildFile; fileRef = 714C528024A541EF00F1FD6E /* UIColor+Hex.swift */; };
		7163D98D24B751B000FC0011 /* GraphView.swift in Sources */ = {isa = PBXBuildFile; fileRef = 7163D98C24B751B000FC0011 /* GraphView.swift */; };
		717F7E9024B7204E00733246 /* SwiftSplines in Frameworks */ = {isa = PBXBuildFile; productRef = 717F7E8F24B7204E00733246 /* SwiftSplines */; };
/* End PBXBuildFile section */

/* Begin PBXFileReference section */
		714C526324A4D3A000F1FD6E /* FaceShieldDemo.app */ = {isa = PBXFileReference; explicitFileType = wrapper.application; includeInIndex = 0; path = FaceShieldDemo.app; sourceTree = BUILT_PRODUCTS_DIR; };
		714C526624A4D3A000F1FD6E /* AppDelegate.swift */ = {isa = PBXFileReference; lastKnownFileType = sourcecode.swift; path = AppDelegate.swift; sourceTree = "<group>"; };
		714C526824A4D3A000F1FD6E /* art.scnassets */ = {isa = PBXFileReference; lastKnownFileType = wrapper.scnassets; path = art.scnassets; sourceTree = "<group>"; };
		714C526A24A4D3A000F1FD6E /* ViewController.swift */ = {isa = PBXFileReference; lastKnownFileType = sourcecode.swift; path = ViewController.swift; sourceTree = "<group>"; };
		714C526D24A4D3A000F1FD6E /* Base */ = {isa = PBXFileReference; lastKnownFileType = file.storyboard; name = Base; path = Base.lproj/Main.storyboard; sourceTree = "<group>"; };
		714C526F24A4D3A100F1FD6E /* Assets.xcassets */ = {isa = PBXFileReference; lastKnownFileType = folder.assetcatalog; path = Assets.xcassets; sourceTree = "<group>"; };
		714C527224A4D3A100F1FD6E /* Base */ = {isa = PBXFileReference; lastKnownFileType = file.storyboard; name = Base; path = Base.lproj/LaunchScreen.storyboard; sourceTree = "<group>"; };
		714C527424A4D3A100F1FD6E /* Info.plist */ = {isa = PBXFileReference; lastKnownFileType = text.plist.xml; path = Info.plist; sourceTree = "<group>"; };
		714C527C24A4DBA800F1FD6E /* NodeManager.swift */ = {isa = PBXFileReference; lastKnownFileType = sourcecode.swift; path = NodeManager.swift; sourceTree = "<group>"; };
		714C527E24A5402500F1FD6E /* Materials.swift */ = {isa = PBXFileReference; lastKnownFileType = sourcecode.swift; path = Materials.swift; sourceTree = "<group>"; };
		714C528024A541EF00F1FD6E /* UIColor+Hex.swift */ = {isa = PBXFileReference; lastKnownFileType = sourcecode.swift; path = "UIColor+Hex.swift"; sourceTree = "<group>"; };
		7163D98C24B751B000FC0011 /* GraphView.swift */ = {isa = PBXFileReference; fileEncoding = 4; lastKnownFileType = sourcecode.swift; path = GraphView.swift; sourceTree = "<group>"; };
/* End PBXFileReference section */

/* Begin PBXFrameworksBuildPhase section */
		714C526024A4D3A000F1FD6E /* Frameworks */ = {
			isa = PBXFrameworksBuildPhase;
			buildActionMask = 2147483647;
			files = (
				717F7E9024B7204E00733246 /* SwiftSplines in Frameworks */,
			);
			runOnlyForDeploymentPostprocessing = 0;
		};
/* End PBXFrameworksBuildPhase section */

/* Begin PBXGroup section */
		714C525A24A4D3A000F1FD6E = {
			isa = PBXGroup;
			children = (
				714C526524A4D3A000F1FD6E /* FaceShieldDemo */,
				714C526424A4D3A000F1FD6E /* Products */,
			);
			sourceTree = "<group>";
		};
		714C526424A4D3A000F1FD6E /* Products */ = {
			isa = PBXGroup;
			children = (
				714C526324A4D3A000F1FD6E /* FaceShieldDemo.app */,
			);
			name = Products;
			sourceTree = "<group>";
		};
		714C526524A4D3A000F1FD6E /* FaceShieldDemo */ = {
			isa = PBXGroup;
			children = (
				714C526624A4D3A000F1FD6E /* AppDelegate.swift */,
				714C526824A4D3A000F1FD6E /* art.scnassets */,
				714C526A24A4D3A000F1FD6E /* ViewController.swift */,
				714C527C24A4DBA800F1FD6E /* NodeManager.swift */,
				714C527E24A5402500F1FD6E /* Materials.swift */,
				714C528024A541EF00F1FD6E /* UIColor+Hex.swift */,
				7163D98C24B751B000FC0011 /* GraphView.swift */,
				714C526C24A4D3A000F1FD6E /* Main.storyboard */,
				714C526F24A4D3A100F1FD6E /* Assets.xcassets */,
				714C527124A4D3A100F1FD6E /* LaunchScreen.storyboard */,
				714C527424A4D3A100F1FD6E /* Info.plist */,
			);
			path = FaceShieldDemo;
			sourceTree = "<group>";
		};
/* End PBXGroup section */

/* Begin PBXNativeTarget section */
		714C526224A4D3A000F1FD6E /* FaceShieldDemo */ = {
			isa = PBXNativeTarget;
			buildConfigurationList = 714C527724A4D3A100F1FD6E /* Build configuration list for PBXNativeTarget "FaceShieldDemo" */;
			buildPhases = (
				714C525F24A4D3A000F1FD6E /* Sources */,
				714C526024A4D3A000F1FD6E /* Frameworks */,
				714C526124A4D3A000F1FD6E /* Resources */,
			);
			buildRules = (
			);
			dependencies = (
			);
			name = FaceShieldDemo;
			packageProductDependencies = (
				717F7E8F24B7204E00733246 /* SwiftSplines */,
			);
			productName = FaceShieldDemo;
			productReference = 714C526324A4D3A000F1FD6E /* FaceShieldDemo.app */;
			productType = "com.apple.product-type.application";
		};
/* End PBXNativeTarget section */

/* Begin PBXProject section */
		714C525B24A4D3A000F1FD6E /* Project object */ = {
			isa = PBXProject;
			attributes = {
				LastSwiftUpdateCheck = 1150;
				LastUpgradeCheck = 1150;
				ORGANIZATIONNAME = "Konrad Feiler";
				TargetAttributes = {
					714C526224A4D3A000F1FD6E = {
						CreatedOnToolsVersion = 11.5;
					};
				};
			};
			buildConfigurationList = 714C525E24A4D3A000F1FD6E /* Build configuration list for PBXProject "FaceShieldDemo" */;
			compatibilityVersion = "Xcode 9.3";
			developmentRegion = en;
			hasScannedForEncodings = 0;
			knownRegions = (
				en,
				Base,
			);
			mainGroup = 714C525A24A4D3A000F1FD6E;
			packageReferences = (
				717F7E8E24B7204E00733246 /* XCRemoteSwiftPackageReference "SwiftSplines" */,
			);
			productRefGroup = 714C526424A4D3A000F1FD6E /* Products */;
			projectDirPath = "";
			projectRoot = "";
			targets = (
				714C526224A4D3A000F1FD6E /* FaceShieldDemo */,
			);
		};
/* End PBXProject section */

/* Begin PBXResourcesBuildPhase section */
		714C526124A4D3A000F1FD6E /* Resources */ = {
			isa = PBXResourcesBuildPhase;
			buildActionMask = 2147483647;
			files = (
				714C526924A4D3A000F1FD6E /* art.scnassets in Resources */,
				714C527324A4D3A100F1FD6E /* LaunchScreen.storyboard in Resources */,
				714C527024A4D3A100F1FD6E /* Assets.xcassets in Resources */,
				714C526E24A4D3A000F1FD6E /* Main.storyboard in Resources */,
			);
			runOnlyForDeploymentPostprocessing = 0;
		};
/* End PBXResourcesBuildPhase section */

/* Begin PBXSourcesBuildPhase section */
		714C525F24A4D3A000F1FD6E /* Sources */ = {
			isa = PBXSourcesBuildPhase;
			buildActionMask = 2147483647;
			files = (
				714C527F24A5402500F1FD6E /* Materials.swift in Sources */,
				714C526B24A4D3A000F1FD6E /* ViewController.swift in Sources */,
				714C527D24A4DBA800F1FD6E /* NodeManager.swift in Sources */,
				714C526724A4D3A000F1FD6E /* AppDelegate.swift in Sources */,
				714C528124A541EF00F1FD6E /* UIColor+Hex.swift in Sources */,
				7163D98D24B751B000FC0011 /* GraphView.swift in Sources */,
			);
			runOnlyForDeploymentPostprocessing = 0;
		};
/* End PBXSourcesBuildPhase section */

/* Begin PBXVariantGroup section */
		714C526C24A4D3A000F1FD6E /* Main.storyboard */ = {
			isa = PBXVariantGroup;
			children = (
				714C526D24A4D3A000F1FD6E /* Base */,
			);
			name = Main.storyboard;
			sourceTree = "<group>";
		};
		714C527124A4D3A100F1FD6E /* LaunchScreen.storyboard */ = {
			isa = PBXVariantGroup;
			children = (
				714C527224A4D3A100F1FD6E /* Base */,
			);
			name = LaunchScreen.storyboard;
			sourceTree = "<group>";
		};
/* End PBXVariantGroup section */

/* Begin XCBuildConfiguration section */
		714C527524A4D3A100F1FD6E /* Debug */ = {
			isa = XCBuildConfiguration;
			buildSettings = {
				ALWAYS_SEARCH_USER_PATHS = NO;
				CLANG_ANALYZER_NONNULL = YES;
				CLANG_ANALYZER_NUMBER_OBJECT_CONVERSION = YES_AGGRESSIVE;
				CLANG_CXX_LANGUAGE_STANDARD = "gnu++14";
				CLANG_CXX_LIBRARY = "libc++";
				CLANG_ENABLE_MODULES = YES;
				CLANG_ENABLE_OBJC_ARC = YES;
				CLANG_ENABLE_OBJC_WEAK = YES;
				CLANG_WARN_BLOCK_CAPTURE_AUTORELEASING = YES;
				CLANG_WARN_BOOL_CONVERSION = YES;
				CLANG_WARN_COMMA = YES;
				CLANG_WARN_CONSTANT_CONVERSION = YES;
				CLANG_WARN_DEPRECATED_OBJC_IMPLEMENTATIONS = YES;
				CLANG_WARN_DIRECT_OBJC_ISA_USAGE = YES_ERROR;
				CLANG_WARN_DOCUMENTATION_COMMENTS = YES;
				CLANG_WARN_EMPTY_BODY = YES;
				CLANG_WARN_ENUM_CONVERSION = YES;
				CLANG_WARN_INFINITE_RECURSION = YES;
				CLANG_WARN_INT_CONVERSION = YES;
				CLANG_WARN_NON_LITERAL_NULL_CONVERSION = YES;
				CLANG_WARN_OBJC_IMPLICIT_RETAIN_SELF = YES;
				CLANG_WARN_OBJC_LITERAL_CONVERSION = YES;
				CLANG_WARN_OBJC_ROOT_CLASS = YES_ERROR;
				CLANG_WARN_RANGE_LOOP_ANALYSIS = YES;
				CLANG_WARN_STRICT_PROTOTYPES = YES;
				CLANG_WARN_SUSPICIOUS_MOVE = YES;
				CLANG_WARN_UNGUARDED_AVAILABILITY = YES_AGGRESSIVE;
				CLANG_WARN_UNREACHABLE_CODE = YES;
				CLANG_WARN__DUPLICATE_METHOD_MATCH = YES;
				COPY_PHASE_STRIP = NO;
				DEBUG_INFORMATION_FORMAT = dwarf;
				ENABLE_STRICT_OBJC_MSGSEND = YES;
				ENABLE_TESTABILITY = YES;
				GCC_C_LANGUAGE_STANDARD = gnu11;
				GCC_DYNAMIC_NO_PIC = NO;
				GCC_NO_COMMON_BLOCKS = YES;
				GCC_OPTIMIZATION_LEVEL = 0;
				GCC_PREPROCESSOR_DEFINITIONS = (
					"DEBUG=1",
					"$(inherited)",
				);
				GCC_WARN_64_TO_32_BIT_CONVERSION = YES;
				GCC_WARN_ABOUT_RETURN_TYPE = YES_ERROR;
				GCC_WARN_UNDECLARED_SELECTOR = YES;
				GCC_WARN_UNINITIALIZED_AUTOS = YES_AGGRESSIVE;
				GCC_WARN_UNUSED_FUNCTION = YES;
				GCC_WARN_UNUSED_VARIABLE = YES;
				IPHONEOS_DEPLOYMENT_TARGET = 13.5;
				MTL_ENABLE_DEBUG_INFO = INCLUDE_SOURCE;
				MTL_FAST_MATH = YES;
				ONLY_ACTIVE_ARCH = YES;
				SDKROOT = iphoneos;
				SWIFT_ACTIVE_COMPILATION_CONDITIONS = DEBUG;
				SWIFT_OPTIMIZATION_LEVEL = "-Onone";
			};
			name = Debug;
		};
		714C527624A4D3A100F1FD6E /* Release */ = {
			isa = XCBuildConfiguration;
			buildSettings = {
				ALWAYS_SEARCH_USER_PATHS = NO;
				CLANG_ANALYZER_NONNULL = YES;
				CLANG_ANALYZER_NUMBER_OBJECT_CONVERSION = YES_AGGRESSIVE;
				CLANG_CXX_LANGUAGE_STANDARD = "gnu++14";
				CLANG_CXX_LIBRARY = "libc++";
				CLANG_ENABLE_MODULES = YES;
				CLANG_ENABLE_OBJC_ARC = YES;
				CLANG_ENABLE_OBJC_WEAK = YES;
				CLANG_WARN_BLOCK_CAPTURE_AUTORELEASING = YES;
				CLANG_WARN_BOOL_CONVERSION = YES;
				CLANG_WARN_COMMA = YES;
				CLANG_WARN_CONSTANT_CONVERSION = YES;
				CLANG_WARN_DEPRECATED_OBJC_IMPLEMENTATIONS = YES;
				CLANG_WARN_DIRECT_OBJC_ISA_USAGE = YES_ERROR;
				CLANG_WARN_DOCUMENTATION_COMMENTS = YES;
				CLANG_WARN_EMPTY_BODY = YES;
				CLANG_WARN_ENUM_CONVERSION = YES;
				CLANG_WARN_INFINITE_RECURSION = YES;
				CLANG_WARN_INT_CONVERSION = YES;
				CLANG_WARN_NON_LITERAL_NULL_CONVERSION = YES;
				CLANG_WARN_OBJC_IMPLICIT_RETAIN_SELF = YES;
				CLANG_WARN_OBJC_LITERAL_CONVERSION = YES;
				CLANG_WARN_OBJC_ROOT_CLASS = YES_ERROR;
				CLANG_WARN_RANGE_LOOP_ANALYSIS = YES;
				CLANG_WARN_STRICT_PROTOTYPES = YES;
				CLANG_WARN_SUSPICIOUS_MOVE = YES;
				CLANG_WARN_UNGUARDED_AVAILABILITY = YES_AGGRESSIVE;
				CLANG_WARN_UNREACHABLE_CODE = YES;
				CLANG_WARN__DUPLICATE_METHOD_MATCH = YES;
				COPY_PHASE_STRIP = NO;
				DEBUG_INFORMATION_FORMAT = "dwarf-with-dsym";
				ENABLE_NS_ASSERTIONS = NO;
				ENABLE_STRICT_OBJC_MSGSEND = YES;
				GCC_C_LANGUAGE_STANDARD = gnu11;
				GCC_NO_COMMON_BLOCKS = YES;
				GCC_WARN_64_TO_32_BIT_CONVERSION = YES;
				GCC_WARN_ABOUT_RETURN_TYPE = YES_ERROR;
				GCC_WARN_UNDECLARED_SELECTOR = YES;
				GCC_WARN_UNINITIALIZED_AUTOS = YES_AGGRESSIVE;
				GCC_WARN_UNUSED_FUNCTION = YES;
				GCC_WARN_UNUSED_VARIABLE = YES;
				IPHONEOS_DEPLOYMENT_TARGET = 13.5;
				MTL_ENABLE_DEBUG_INFO = NO;
				MTL_FAST_MATH = YES;
				SDKROOT = iphoneos;
				SWIFT_COMPILATION_MODE = wholemodule;
				SWIFT_OPTIMIZATION_LEVEL = "-O";
				VALIDATE_PRODUCT = YES;
			};
			name = Release;
		};
		714C527824A4D3A100F1FD6E /* Debug */ = {
			isa = XCBuildConfiguration;
			buildSettings = {
				ASSETCATALOG_COMPILER_APPICON_NAME = AppIcon;
				CODE_SIGN_STYLE = Automatic;
				DEVELOPMENT_TEAM = FZLPC9NCT3;
				INFOPLIST_FILE = FaceShieldDemo/Info.plist;
				LD_RUNPATH_SEARCH_PATHS = (
					"$(inherited)",
					"@executable_path/Frameworks",
				);
				PRODUCT_BUNDLE_IDENTIFIER = io.looc.FaceShieldDemo;
				PRODUCT_NAME = "$(TARGET_NAME)";
				SWIFT_VERSION = 5.0;
				TARGETED_DEVICE_FAMILY = "1,2";
			};
			name = Debug;
		};
		714C527924A4D3A100F1FD6E /* Release */ = {
			isa = XCBuildConfiguration;
			buildSettings = {
				ASSETCATALOG_COMPILER_APPICON_NAME = AppIcon;
				CODE_SIGN_STYLE = Automatic;
				DEVELOPMENT_TEAM = FZLPC9NCT3;
				INFOPLIST_FILE = FaceShieldDemo/Info.plist;
				LD_RUNPATH_SEARCH_PATHS = (
					"$(inherited)",
					"@executable_path/Frameworks",
				);
				PRODUCT_BUNDLE_IDENTIFIER = io.looc.FaceShieldDemo;
				PRODUCT_NAME = "$(TARGET_NAME)";
				SWIFT_VERSION = 5.0;
				TARGETED_DEVICE_FAMILY = "1,2";
			};
			name = Release;
		};
/* End XCBuildConfiguration section */

/* Begin XCConfigurationList section */
		714C525E24A4D3A000F1FD6E /* Build configuration list for PBXProject "FaceShieldDemo" */ = {
			isa = XCConfigurationList;
			buildConfigurations = (
				714C527524A4D3A100F1FD6E /* Debug */,
				714C527624A4D3A100F1FD6E /* Release */,
			);
			defaultConfigurationIsVisible = 0;
			defaultConfigurationName = Release;
		};
		714C527724A4D3A100F1FD6E /* Build configuration list for PBXNativeTarget "FaceShieldDemo" */ = {
			isa = XCConfigurationList;
			buildConfigurations = (
				714C527824A4D3A100F1FD6E /* Debug */,
				714C527924A4D3A100F1FD6E /* Release */,
			);
			defaultConfigurationIsVisible = 0;
			defaultConfigurationName = Release;
		};
/* End XCConfigurationList section */

/* Begin XCRemoteSwiftPackageReference section */
		717F7E8E24B7204E00733246 /* XCRemoteSwiftPackageReference "SwiftSplines" */ = {
			isa = XCRemoteSwiftPackageReference;
			repositoryURL = "https://github.com/Bersaelor/SwiftSplines.git";
			requirement = {
				kind = upToNextMajorVersion;
				minimumVersion = 0.2.0;
			};
		};
/* End XCRemoteSwiftPackageReference section */

/* Begin XCSwiftPackageProductDependency section */
		717F7E8F24B7204E00733246 /* SwiftSplines */ = {
			isa = XCSwiftPackageProductDependency;
			package = 717F7E8E24B7204E00733246 /* XCRemoteSwiftPackageReference "SwiftSplines" */;
			productName = SwiftSplines;
		};
/* End XCSwiftPackageProductDependency section */
	};
	rootObject = 714C525B24A4D3A000F1FD6E /* Project object */;
}
